
Microsoft Visual Studio Solution File, Format Version 12.00
Project("{FAE04EC0-301F-11D3-BF4B-00C04F79EFBC}") = "Zadanie1 2.3", "Zadanie1 2.3\Zadanie1 2.3.csproj", "{A547D854-D93C-48D1-AE2B-98704879FAD7}"
EndProject
Project("{FAE04EC0-301F-11D3-BF4B-00C04F79EFBC}") = "Zadanie2 2.3", "Zadanie2 2.3\Zadanie2 2.3.csproj", "{3B566505-12D2-4D7B-B182-EEFB779B3262}"
EndProject
Project("{FAE04EC0-301F-11D3-BF4B-00C04F79EFBC}") = "Zadanie3 2.3", "Zadanie3 2.3\Zadanie3 2.3.csproj", "{E8DE4AFC-2B60-4256-97CA-9CAC16764A0D}"
EndProject
Project("{2150E333-8FDC-42A3-9474-1A3956D46DE8}") = "UP2.1", "UP2.1", "{A9479EBE-4DFC-49AD-8ED8-6D4E85D9A986}"
EndProject
Project("{2150E333-8FDC-42A3-9474-1A3956D46DE8}") = "UP2.2", "UP2.2", "{090FE50C-C0A1-4CD9-9840-3571A6765810}"
EndProject
Project("{2150E333-8FDC-42A3-9474-1A3956D46DE8}") = "UP2.3", "UP2.3", "{476A99DD-4948-438B-A2CD-8F21C8119FDA}"
EndProject
Project("{FAE04EC0-301F-11D3-BF4B-00C04F79EFBC}") = "Zadanie1 2.1", "Zadanie1 2.1\Zadanie1 2.1.csproj", "{47E718ED-7922-4578-8D1D-618C26D6D083}"
EndProject
Project("{FAE04EC0-301F-11D3-BF4B-00C04F79EFBC}") = "Zadanie2 2.1", "Zadanie2 2.1\Zadanie2 2.1.csproj", "{960B39F8-71E6-4926-886A-376B3711EA87}"
EndProject
Project("{FAE04EC0-301F-11D3-BF4B-00C04F79EFBC}") = "Zadanie3 2.1", "Zadanie3 2.1\Zadanie3 2.1.csproj", "{51D2AFE4-8054-4FCC-BB80-4E3B6F1793D9}"
EndProject
Project("{FAE04EC0-301F-11D3-BF4B-00C04F79EFBC}") = "Zadanie1 2.2", "Zadanie1 2.2\Zadanie1 2.2.csproj", "{FF4EDC13-6375-4691-978B-56AA8402BFA7}"
EndProject
Project("{FAE04EC0-301F-11D3-BF4B-00C04F79EFBC}") = "Zadanie 2 2.2", "Zadanie 2 2.2\Zadanie 2 2.2.csproj", "{5E78EEDB-92D0-48C7-B702-3497AD99B3CE}"
EndProject
Project("{FAE04EC0-301F-11D3-BF4B-00C04F79EFBC}") = "Zadanie3 2.2", "Zadanie3 2.2\Zadanie3 2.2.csproj", "{4F71E7FA-8946-49CF-B848-CEF7550E6F3F}"
EndProject
Project("{FAE04EC0-301F-11D3-BF4B-00C04F79EFBC}") = "Zadanie4 2.2", "Zadanie4 2.2\Zadanie4 2.2.csproj", "{B82B0FA8-A78B-494A-820D-2AE1C269F17D}"
EndProject
Project("{FAE04EC0-301F-11D3-BF4B-00C04F79EFBC}") = "Zadanie5 2.2", "Zadanie5 2.2\Zadanie5 2.2.csproj", "{884445EA-915E-458D-A1E9-66ED815CB2CF}"
EndProject
Project("{2150E333-8FDC-42A3-9474-1A3956D46DE8}") = "UP2.4", "UP2.4", "{7B018E9F-B915-4457-83E0-86ED0E60A401}"
EndProject
Project("{FAE04EC0-301F-11D3-BF4B-00C04F79EFBC}") = "Rome", "Rome\Rome.csproj", "{6A559DD3-3C23-48D5-BA31-07678235C4DF}"
EndProject
Project("{2150E333-8FDC-42A3-9474-1A3956D46DE8}") = "UP2.5", "UP2.5", "{84D04072-7C43-4A3C-8782-F134C4273151}"
EndProject
Project("{FAE04EC0-301F-11D3-BF4B-00C04F79EFBC}") = "GarageConsoleApp", "GarageConsoleApp\GarageConsoleApp.csproj", "{D3F15877-8A41-49B7-8F0F-886AAB3F9B23}"
EndProject
Global
	GlobalSection(SolutionConfigurationPlatforms) = preSolution
		Debug|Any CPU = Debug|Any CPU
		Release|Any CPU = Release|Any CPU
	EndGlobalSection
	GlobalSection(ProjectConfigurationPlatforms) = postSolution
		{A547D854-D93C-48D1-AE2B-98704879FAD7}.Debug|Any CPU.ActiveCfg = Debug|Any CPU
		{A547D854-D93C-48D1-AE2B-98704879FAD7}.Debug|Any CPU.Build.0 = Debug|Any CPU
		{A547D854-D93C-48D1-AE2B-98704879FAD7}.Release|Any CPU.ActiveCfg = Release|Any CPU
		{A547D854-D93C-48D1-AE2B-98704879FAD7}.Release|Any CPU.Build.0 = Release|Any CPU
		{3B566505-12D2-4D7B-B182-EEFB779B3262}.Debug|Any CPU.ActiveCfg = Debug|Any CPU
		{3B566505-12D2-4D7B-B182-EEFB779B3262}.Debug|Any CPU.Build.0 = Debug|Any CPU
		{3B566505-12D2-4D7B-B182-EEFB779B3262}.Release|Any CPU.ActiveCfg = Release|Any CPU
		{3B566505-12D2-4D7B-B182-EEFB779B3262}.Release|Any CPU.Build.0 = Release|Any CPU
		{E8DE4AFC-2B60-4256-97CA-9CAC16764A0D}.Debug|Any CPU.ActiveCfg = Debug|Any CPU
		{E8DE4AFC-2B60-4256-97CA-9CAC16764A0D}.Debug|Any CPU.Build.0 = Debug|Any CPU
		{E8DE4AFC-2B60-4256-97CA-9CAC16764A0D}.Release|Any CPU.ActiveCfg = Release|Any CPU
		{E8DE4AFC-2B60-4256-97CA-9CAC16764A0D}.Release|Any CPU.Build.0 = Release|Any CPU
		{47E718ED-7922-4578-8D1D-618C26D6D083}.Debug|Any CPU.ActiveCfg = Debug|Any CPU
		{47E718ED-7922-4578-8D1D-618C26D6D083}.Debug|Any CPU.Build.0 = Debug|Any CPU
		{47E718ED-7922-4578-8D1D-618C26D6D083}.Release|Any CPU.ActiveCfg = Release|Any CPU
		{47E718ED-7922-4578-8D1D-618C26D6D083}.Release|Any CPU.Build.0 = Release|Any CPU
		{960B39F8-71E6-4926-886A-376B3711EA87}.Debug|Any CPU.ActiveCfg = Debug|Any CPU
		{960B39F8-71E6-4926-886A-376B3711EA87}.Debug|Any CPU.Build.0 = Debug|Any CPU
		{960B39F8-71E6-4926-886A-376B3711EA87}.Release|Any CPU.ActiveCfg = Release|Any CPU
		{960B39F8-71E6-4926-886A-376B3711EA87}.Release|Any CPU.Build.0 = Release|Any CPU
		{51D2AFE4-8054-4FCC-BB80-4E3B6F1793D9}.Debug|Any CPU.ActiveCfg = Debug|Any CPU
		{51D2AFE4-8054-4FCC-BB80-4E3B6F1793D9}.Debug|Any CPU.Build.0 = Debug|Any CPU
		{51D2AFE4-8054-4FCC-BB80-4E3B6F1793D9}.Release|Any CPU.ActiveCfg = Release|Any CPU
		{51D2AFE4-8054-4FCC-BB80-4E3B6F1793D9}.Release|Any CPU.Build.0 = Release|Any CPU
		{FF4EDC13-6375-4691-978B-56AA8402BFA7}.Debug|Any CPU.ActiveCfg = Debug|Any CPU
		{FF4EDC13-6375-4691-978B-56AA8402BFA7}.Debug|Any CPU.Build.0 = Debug|Any CPU
		{FF4EDC13-6375-4691-978B-56AA8402BFA7}.Release|Any CPU.ActiveCfg = Release|Any CPU
		{FF4EDC13-6375-4691-978B-56AA8402BFA7}.Release|Any CPU.Build.0 = Release|Any CPU
		{5E78EEDB-92D0-48C7-B702-3497AD99B3CE}.Debug|Any CPU.ActiveCfg = Debug|Any CPU
		{5E78EEDB-92D0-48C7-B702-3497AD99B3CE}.Debug|Any CPU.Build.0 = Debug|Any CPU
		{5E78EEDB-92D0-48C7-B702-3497AD99B3CE}.Release|Any CPU.ActiveCfg = Release|Any CPU
		{5E78EEDB-92D0-48C7-B702-3497AD99B3CE}.Release|Any CPU.Build.0 = Release|Any CPU
		{4F71E7FA-8946-49CF-B848-CEF7550E6F3F}.Debug|Any CPU.ActiveCfg = Debug|Any CPU
		{4F71E7FA-8946-49CF-B848-CEF7550E6F3F}.Debug|Any CPU.Build.0 = Debug|Any CPU
		{4F71E7FA-8946-49CF-B848-CEF7550E6F3F}.Release|Any CPU.ActiveCfg = Release|Any CPU
		{4F71E7FA-8946-49CF-B848-CEF7550E6F3F}.Release|Any CPU.Build.0 = Release|Any CPU
		{B82B0FA8-A78B-494A-820D-2AE1C269F17D}.Debug|Any CPU.ActiveCfg = Debug|Any CPU
		{B82B0FA8-A78B-494A-820D-2AE1C269F17D}.Debug|Any CPU.Build.0 = Debug|Any CPU
		{B82B0FA8-A78B-494A-820D-2AE1C269F17D}.Release|Any CPU.ActiveCfg = Release|Any CPU
		{B82B0FA8-A78B-494A-820D-2AE1C269F17D}.Release|Any CPU.Build.0 = Release|Any CPU
		{884445EA-915E-458D-A1E9-66ED815CB2CF}.Debug|Any CPU.ActiveCfg = Debug|Any CPU
		{884445EA-915E-458D-A1E9-66ED815CB2CF}.Debug|Any CPU.Build.0 = Debug|Any CPU
		{884445EA-915E-458D-A1E9-66ED815CB2CF}.Release|Any CPU.ActiveCfg = Release|Any CPU
		{884445EA-915E-458D-A1E9-66ED815CB2CF}.Release|Any CPU.Build.0 = Release|Any CPU
		{6A559DD3-3C23-48D5-BA31-07678235C4DF}.Debug|Any CPU.ActiveCfg = Debug|Any CPU
		{6A559DD3-3C23-48D5-BA31-07678235C4DF}.Debug|Any CPU.Build.0 = Debug|Any CPU
		{6A559DD3-3C23-48D5-BA31-07678235C4DF}.Release|Any CPU.ActiveCfg = Release|Any CPU
		{6A559DD3-3C23-48D5-BA31-07678235C4DF}.Release|Any CPU.Build.0 = Release|Any CPU
		{D3F15877-8A41-49B7-8F0F-886AAB3F9B23}.Debug|Any CPU.ActiveCfg = Debug|Any CPU
		{D3F15877-8A41-49B7-8F0F-886AAB3F9B23}.Debug|Any CPU.Build.0 = Debug|Any CPU
		{D3F15877-8A41-49B7-8F0F-886AAB3F9B23}.Release|Any CPU.ActiveCfg = Release|Any CPU
		{D3F15877-8A41-49B7-8F0F-886AAB3F9B23}.Release|Any CPU.Build.0 = Release|Any CPU
	EndGlobalSection
	GlobalSection(NestedProjects) = preSolution
		{A547D854-D93C-48D1-AE2B-98704879FAD7} = {476A99DD-4948-438B-A2CD-8F21C8119FDA}
		{3B566505-12D2-4D7B-B182-EEFB779B3262} = {476A99DD-4948-438B-A2CD-8F21C8119FDA}
		{E8DE4AFC-2B60-4256-97CA-9CAC16764A0D} = {476A99DD-4948-438B-A2CD-8F21C8119FDA}
		{47E718ED-7922-4578-8D1D-618C26D6D083} = {A9479EBE-4DFC-49AD-8ED8-6D4E85D9A986}
		{960B39F8-71E6-4926-886A-376B3711EA87} = {A9479EBE-4DFC-49AD-8ED8-6D4E85D9A986}
		{51D2AFE4-8054-4FCC-BB80-4E3B6F1793D9} = {A9479EBE-4DFC-49AD-8ED8-6D4E85D9A986}
		{FF4EDC13-6375-4691-978B-56AA8402BFA7} = {090FE50C-C0A1-4CD9-9840-3571A6765810}
		{5E78EEDB-92D0-48C7-B702-3497AD99B3CE} = {090FE50C-C0A1-4CD9-9840-3571A6765810}
		{4F71E7FA-8946-49CF-B848-CEF7550E6F3F} = {090FE50C-C0A1-4CD9-9840-3571A6765810}
		{B82B0FA8-A78B-494A-820D-2AE1C269F17D} = {090FE50C-C0A1-4CD9-9840-3571A6765810}
		{884445EA-915E-458D-A1E9-66ED815CB2CF} = {090FE50C-C0A1-4CD9-9840-3571A6765810}
		{6A559DD3-3C23-48D5-BA31-07678235C4DF} = {7B018E9F-B915-4457-83E0-86ED0E60A401}
		{D3F15877-8A41-49B7-8F0F-886AAB3F9B23} = {84D04072-7C43-4A3C-8782-F134C4273151}
	EndGlobalSection
EndGlobal
